
Microsoft Visual Studio Solution File, Format Version 12.00
# Visual Studio Version 17
VisualStudioVersion = 17.14.36212.18 d17.14
MinimumVisualStudioVersion = 10.0.40219.1
Project("{FAE04EC0-301F-11D3-BF4B-00C04F79EFBC}") = "LojaOnline", "LojaOnline.csproj", "{5E6F34E5-A603-4A10-AFF9-16B91FD50D14}"
EndProject
Global
	GlobalSection(SolutionConfigurationPlatforms) = preSolution
		Debug|Any CPU = Debug|Any CPU
		Release|Any CPU = Release|Any CPU
	EndGlobalSection
	GlobalSection(ProjectConfigurationPlatforms) = postSolution
		{5E6F34E5-A603-4A10-AFF9-16B91FD50D14}.Debug|Any CPU.ActiveCfg = Debug|Any CPU
		{5E6F34E5-A603-4A10-AFF9-16B91FD50D14}.Debug|Any CPU.Build.0 = Debug|Any CPU
		{5E6F34E5-A603-4A10-AFF9-16B91FD50D14}.Release|Any CPU.ActiveCfg = Release|Any CPU
		{5E6F34E5-A603-4A10-AFF9-16B91FD50D14}.Release|Any CPU.Build.0 = Release|Any CPU
	EndGlobalSection
	GlobalSection(SolutionProperties) = preSolution
		HideSolutionNode = FALSE
	EndGlobalSection
	GlobalSection(ExtensibilityGlobals) = postSolution
		SolutionGuid = {87EFE600-C4DE-4E8A-9736-DAF1D7A8DDC6}
	EndGlobalSection
EndGlobal
